
Microsoft Visual Studio Solution File, Format Version 12.00
# Visual Studio 2012
Project("{FAE04EC0-301F-11D3-BF4B-00C04F79EFBC}") = "FN.Store.UI.CLI", "FN.Store.UI.CLI\FN.Store.UI.CLI.csproj", "{E85F3A07-E6E1-43B3-AB6B-0DA05E2A8747}"
EndProject
Project("{FAE04EC0-301F-11D3-BF4B-00C04F79EFBC}") = "FN.Store.Data", "FN.Store.Data\FN.Store.Data.csproj", "{48F51F23-5383-47E1-B28B-42F0FB88C80D}"
EndProject
Project("{FAE04EC0-301F-11D3-BF4B-00C04F79EFBC}") = "FN.Store.Domain", "FN.Store.Domain\FN.Store.Domain.csproj", "{881B55BE-A23A-487D-8DA3-76D879684A6C}"
EndProject
Project("{FAE04EC0-301F-11D3-BF4B-00C04F79EFBC}") = "FN.Store.UI.Web", "FN.Store.UI.Web\FN.Store.UI.Web.csproj", "{2811A326-DF61-4F9F-A326-5FB9D0793DE7}"
EndProject
Project("{FAE04EC0-301F-11D3-BF4B-00C04F79EFBC}") = "FN.Store.Api", "FN.Store.Api\FN.Store.Api.csproj", "{12CAFDBD-D900-48A5-B273-DAFA34FFDD9B}"
EndProject
Project("{FAE04EC0-301F-11D3-BF4B-00C04F79EFBC}") = "FN.Store.WCFData", "FN.Store.WCFData\FN.Store.WCFData.csproj", "{82E454EF-B567-455B-8284-2305B215DA1F}"
EndProject
Project("{FAE04EC0-301F-11D3-BF4B-00C04F79EFBC}") = "FN.Store.WCFData.CLI", "FN.Store.WCFData.CLI\FN.Store.WCFData.CLI.csproj", "{9A4EE841-B14F-44E8-BAD9-09579167AE91}"
	ProjectSection(ProjectDependencies) = postProject
		{82E454EF-B567-455B-8284-2305B215DA1F} = {82E454EF-B567-455B-8284-2305B215DA1F}
	EndProjectSection
EndProject
Project("{2150E333-8FDC-42A3-9474-1A3956D46DE8}") = "CORE", "CORE", "{D1A15FB2-BDCF-4E35-A557-F5A4820F3AF3}"
EndProject
Project("{2150E333-8FDC-42A3-9474-1A3956D46DE8}") = "Api", "Api", "{2065C803-2873-4F33-81FA-B0E624691870}"
EndProject
Project("{2150E333-8FDC-42A3-9474-1A3956D46DE8}") = "UI", "UI", "{6522C6D5-678A-40DC-990E-8DAF2ADFEAE4}"
EndProject
Project("{2150E333-8FDC-42A3-9474-1A3956D46DE8}") = "Service BUS", "Service BUS", "{992DCDA3-86C4-4D54-8E5D-3FB01C0D9846}"
EndProject
Project("{FAE04EC0-301F-11D3-BF4B-00C04F79EFBC}") = "FN.Store.Service", "FN.Store.Service\FN.Store.Service.csproj", "{69491311-0E8E-4FE2-A6C4-ACCF22400ED8}"
EndProject
Project("{FAE04EC0-301F-11D3-BF4B-00C04F79EFBC}") = "FN.Store.SB.Cliente", "FN.Store.SB.Cliente\FN.Store.SB.Cliente.csproj", "{BCCAEF57-C959-4387-901B-316C9C9A6BE3}"
EndProject
Global
	GlobalSection(SolutionConfigurationPlatforms) = preSolution
		Debug|Any CPU = Debug|Any CPU
		Release|Any CPU = Release|Any CPU
	EndGlobalSection
	GlobalSection(ProjectConfigurationPlatforms) = postSolution
		{E85F3A07-E6E1-43B3-AB6B-0DA05E2A8747}.Debug|Any CPU.ActiveCfg = Debug|Any CPU
		{E85F3A07-E6E1-43B3-AB6B-0DA05E2A8747}.Debug|Any CPU.Build.0 = Debug|Any CPU
		{E85F3A07-E6E1-43B3-AB6B-0DA05E2A8747}.Release|Any CPU.ActiveCfg = Release|Any CPU
		{E85F3A07-E6E1-43B3-AB6B-0DA05E2A8747}.Release|Any CPU.Build.0 = Release|Any CPU
		{48F51F23-5383-47E1-B28B-42F0FB88C80D}.Debug|Any CPU.ActiveCfg = Debug|Any CPU
		{48F51F23-5383-47E1-B28B-42F0FB88C80D}.Debug|Any CPU.Build.0 = Debug|Any CPU
		{48F51F23-5383-47E1-B28B-42F0FB88C80D}.Release|Any CPU.ActiveCfg = Release|Any CPU
		{48F51F23-5383-47E1-B28B-42F0FB88C80D}.Release|Any CPU.Build.0 = Release|Any CPU
		{881B55BE-A23A-487D-8DA3-76D879684A6C}.Debug|Any CPU.ActiveCfg = Debug|Any CPU
		{881B55BE-A23A-487D-8DA3-76D879684A6C}.Debug|Any CPU.Build.0 = Debug|Any CPU
		{881B55BE-A23A-487D-8DA3-76D879684A6C}.Release|Any CPU.ActiveCfg = Release|Any CPU
		{881B55BE-A23A-487D-8DA3-76D879684A6C}.Release|Any CPU.Build.0 = Release|Any CPU
		{2811A326-DF61-4F9F-A326-5FB9D0793DE7}.Debug|Any CPU.ActiveCfg = Debug|Any CPU
		{2811A326-DF61-4F9F-A326-5FB9D0793DE7}.Debug|Any CPU.Build.0 = Debug|Any CPU
		{2811A326-DF61-4F9F-A326-5FB9D0793DE7}.Release|Any CPU.ActiveCfg = Release|Any CPU
		{2811A326-DF61-4F9F-A326-5FB9D0793DE7}.Release|Any CPU.Build.0 = Release|Any CPU
		{12CAFDBD-D900-48A5-B273-DAFA34FFDD9B}.Debug|Any CPU.ActiveCfg = Debug|Any CPU
		{12CAFDBD-D900-48A5-B273-DAFA34FFDD9B}.Debug|Any CPU.Build.0 = Debug|Any CPU
		{12CAFDBD-D900-48A5-B273-DAFA34FFDD9B}.Release|Any CPU.ActiveCfg = Release|Any CPU
		{12CAFDBD-D900-48A5-B273-DAFA34FFDD9B}.Release|Any CPU.Build.0 = Release|Any CPU
		{82E454EF-B567-455B-8284-2305B215DA1F}.Debug|Any CPU.ActiveCfg = Debug|Any CPU
		{82E454EF-B567-455B-8284-2305B215DA1F}.Debug|Any CPU.Build.0 = Debug|Any CPU
		{82E454EF-B567-455B-8284-2305B215DA1F}.Release|Any CPU.ActiveCfg = Release|Any CPU
		{82E454EF-B567-455B-8284-2305B215DA1F}.Release|Any CPU.Build.0 = Release|Any CPU
		{9A4EE841-B14F-44E8-BAD9-09579167AE91}.Debug|Any CPU.ActiveCfg = Debug|Any CPU
		{9A4EE841-B14F-44E8-BAD9-09579167AE91}.Debug|Any CPU.Build.0 = Debug|Any CPU
		{9A4EE841-B14F-44E8-BAD9-09579167AE91}.Release|Any CPU.ActiveCfg = Release|Any CPU
		{9A4EE841-B14F-44E8-BAD9-09579167AE91}.Release|Any CPU.Build.0 = Release|Any CPU
		{69491311-0E8E-4FE2-A6C4-ACCF22400ED8}.Debug|Any CPU.ActiveCfg = Debug|Any CPU
		{69491311-0E8E-4FE2-A6C4-ACCF22400ED8}.Debug|Any CPU.Build.0 = Debug|Any CPU
		{69491311-0E8E-4FE2-A6C4-ACCF22400ED8}.Release|Any CPU.ActiveCfg = Release|Any CPU
		{69491311-0E8E-4FE2-A6C4-ACCF22400ED8}.Release|Any CPU.Build.0 = Release|Any CPU
		{BCCAEF57-C959-4387-901B-316C9C9A6BE3}.Debug|Any CPU.ActiveCfg = Debug|Any CPU
		{BCCAEF57-C959-4387-901B-316C9C9A6BE3}.Debug|Any CPU.Build.0 = Debug|Any CPU
		{BCCAEF57-C959-4387-901B-316C9C9A6BE3}.Release|Any CPU.ActiveCfg = Release|Any CPU
		{BCCAEF57-C959-4387-901B-316C9C9A6BE3}.Release|Any CPU.Build.0 = Release|Any CPU
	EndGlobalSection
	GlobalSection(SolutionProperties) = preSolution
		HideSolutionNode = FALSE
	EndGlobalSection
	GlobalSection(NestedProjects) = preSolution
		{48F51F23-5383-47E1-B28B-42F0FB88C80D} = {D1A15FB2-BDCF-4E35-A557-F5A4820F3AF3}
		{881B55BE-A23A-487D-8DA3-76D879684A6C} = {D1A15FB2-BDCF-4E35-A557-F5A4820F3AF3}
		{12CAFDBD-D900-48A5-B273-DAFA34FFDD9B} = {2065C803-2873-4F33-81FA-B0E624691870}
		{82E454EF-B567-455B-8284-2305B215DA1F} = {2065C803-2873-4F33-81FA-B0E624691870}
		{E85F3A07-E6E1-43B3-AB6B-0DA05E2A8747} = {6522C6D5-678A-40DC-990E-8DAF2ADFEAE4}
		{2811A326-DF61-4F9F-A326-5FB9D0793DE7} = {6522C6D5-678A-40DC-990E-8DAF2ADFEAE4}
		{9A4EE841-B14F-44E8-BAD9-09579167AE91} = {6522C6D5-678A-40DC-990E-8DAF2ADFEAE4}
		{69491311-0E8E-4FE2-A6C4-ACCF22400ED8} = {992DCDA3-86C4-4D54-8E5D-3FB01C0D9846}
		{BCCAEF57-C959-4387-901B-316C9C9A6BE3} = {992DCDA3-86C4-4D54-8E5D-3FB01C0D9846}
	EndGlobalSection
EndGlobal
